// !$*UTF8*$!
{
	archiveVersion = 1;
	classes = {
	};
	objectVersion = 56;
	objects = {

/* Begin PBXBuildFile section */
		7A9BE6952CA094E200F87AB4 /* AppDelegate.swift in Sources */ = {isa = PBXBuildFile; fileRef = 7A9BE6942CA094E200F87AB4 /* AppDelegate.swift */; };
		7A9BE6972CA094E200F87AB4 /* SceneDelegate.swift in Sources */ = {isa = PBXBuildFile; fileRef = 7A9BE6962CA094E200F87AB4 /* SceneDelegate.swift */; };
		7A9BE69A2CA094E200F87AB4 /* Base in Resources */ = {isa = PBXBuildFile; fileRef = 7A9BE6992CA094E200F87AB4 /* Base */; };
		7A9BE69D2CA094E200F87AB4 /* Base in Resources */ = {isa = PBXBuildFile; fileRef = 7A9BE69C2CA094E200F87AB4 /* Base */; };
		7A9BE6A62CA094E200F87AB4 /* AppDelegate.swift in Sources */ = {isa = PBXBuildFile; fileRef = 7A9BE6A52CA094E200F87AB4 /* AppDelegate.swift */; };
		7A9BE6A92CA094E200F87AB4 /* Base in Resources */ = {isa = PBXBuildFile; fileRef = 7A9BE6A82CA094E200F87AB4 /* Base */; };
		7A9BE6B12CA094E200F87AB4 /* Obsidian Web Clipper Extension.appex in Embed Foundation Extensions */ = {isa = PBXBuildFile; fileRef = 7A9BE6B02CA094E200F87AB4 /* Obsidian Web Clipper Extension.appex */; settings = {ATTRIBUTES = (RemoveHeadersOnCopy, ); }; };
		7A9BE6BB2CA094E200F87AB4 /* Obsidian Web Clipper Extension.appex in Embed Foundation Extensions */ = {isa = PBXBuildFile; fileRef = 7A9BE6BA2CA094E200F87AB4 /* Obsidian Web Clipper Extension.appex */; settings = {ATTRIBUTES = (RemoveHeadersOnCopy, ); }; };
		7A9BE6C12CA094E200F87AB4 /* Base in Resources */ = {isa = PBXBuildFile; fileRef = 7A9BE6852CA094E100F87AB4 /* Base */; };
		7A9BE6C22CA094E200F87AB4 /* Base in Resources */ = {isa = PBXBuildFile; fileRef = 7A9BE6852CA094E100F87AB4 /* Base */; };
		7A9BE6C32CA094E200F87AB4 /* Icon.png in Resources */ = {isa = PBXBuildFile; fileRef = 7A9BE6862CA094E100F87AB4 /* Icon.png */; };
		7A9BE6C42CA094E200F87AB4 /* Icon.png in Resources */ = {isa = PBXBuildFile; fileRef = 7A9BE6862CA094E100F87AB4 /* Icon.png */; };
		7A9BE6C52CA094E200F87AB4 /* Style.css in Resources */ = {isa = PBXBuildFile; fileRef = 7A9BE6872CA094E100F87AB4 /* Style.css */; };
		7A9BE6C62CA094E200F87AB4 /* Style.css in Resources */ = {isa = PBXBuildFile; fileRef = 7A9BE6872CA094E100F87AB4 /* Style.css */; };
		7A9BE6C72CA094E200F87AB4 /* Script.js in Resources */ = {isa = PBXBuildFile; fileRef = 7A9BE6882CA094E100F87AB4 /* Script.js */; };
		7A9BE6C82CA094E200F87AB4 /* Script.js in Resources */ = {isa = PBXBuildFile; fileRef = 7A9BE6882CA094E100F87AB4 /* Script.js */; };
		7A9BE6C92CA094E200F87AB4 /* ViewController.swift in Sources */ = {isa = PBXBuildFile; fileRef = 7A9BE6892CA094E100F87AB4 /* ViewController.swift */; };
		7A9BE6CA2CA094E200F87AB4 /* ViewController.swift in Sources */ = {isa = PBXBuildFile; fileRef = 7A9BE6892CA094E100F87AB4 /* ViewController.swift */; };
		7A9BE6CB2CA094E200F87AB4 /* Assets.xcassets in Resources */ = {isa = PBXBuildFile; fileRef = 7A9BE68A2CA094E200F87AB4 /* Assets.xcassets */; };
		7A9BE6CC2CA094E200F87AB4 /* Assets.xcassets in Resources */ = {isa = PBXBuildFile; fileRef = 7A9BE68A2CA094E200F87AB4 /* Assets.xcassets */; };
		7A9BE6CD2CA094E200F87AB4 /* SafariWebExtensionHandler.swift in Sources */ = {isa = PBXBuildFile; fileRef = 7A9BE68C2CA094E200F87AB4 /* SafariWebExtensionHandler.swift */; };
		7A9BE6CE2CA094E200F87AB4 /* SafariWebExtensionHandler.swift in Sources */ = {isa = PBXBuildFile; fileRef = 7A9BE68C2CA094E200F87AB4 /* SafariWebExtensionHandler.swift */; };
		7A9BE6F62CA094E200F87AB4 /* settings.js.LICENSE.txt in Resources */ = {isa = PBXBuildFile; fileRef = 7A9BE6E02CA094E200F87AB4 /* settings.js.LICENSE.txt */; };
		7A9BE6F72CA094E200F87AB4 /* background-safari.js in Resources */ = {isa = PBXBuildFile; fileRef = 7A9BE6E22CA094E200F87AB4 /* background-safari.js */; };
		7A9BE6F82CA094E200F87AB4 /* popup.js in Resources */ = {isa = PBXBuildFile; fileRef = 7A9BE6E32CA094E200F87AB4 /* popup.js */; };
		7A9BE6F92CA094E200F87AB4 /* popup.js.LICENSE.txt in Resources */ = {isa = PBXBuildFile; fileRef = 7A9BE6E52CA094E200F87AB4 /* popup.js.LICENSE.txt */; };
		7A9BE6FA2CA094E200F87AB4 /* background.js in Resources */ = {isa = PBXBuildFile; fileRef = 7A9BE6E62CA094E200F87AB4 /* background.js */; };
		7A9BE6FB2CA094E200F87AB4 /* popup.html in Resources */ = {isa = PBXBuildFile; fileRef = 7A9BE6E72CA094E200F87AB4 /* popup.html */; };
		7A9BE6FC2CA094E200F87AB4 /* browser-polyfill.min.js in Resources */ = {isa = PBXBuildFile; fileRef = 7A9BE6E82CA094E200F87AB4 /* browser-polyfill.min.js */; };
		7A9BE6FD2CA094E200F87AB4 /* background-firefox.js in Resources */ = {isa = PBXBuildFile; fileRef = 7A9BE6EA2CA094E200F87AB4 /* background-firefox.js */; };
		7A9BE6FE2CA094E200F87AB4 /* icons in Resources */ = {isa = PBXBuildFile; fileRef = 7A9BE6EC2CA094E200F87AB4 /* icons */; };
		7A9BE6FF2CA094E200F87AB4 /* style.css in Resources */ = {isa = PBXBuildFile; fileRef = 7A9BE6ED2CA094E200F87AB4 /* style.css */; };
		7A9BE7002CA094E200F87AB4 /* manifest.json in Resources */ = {isa = PBXBuildFile; fileRef = 7A9BE6EE2CA094E200F87AB4 /* manifest.json */; };
		7A9BE7012CA094E200F87AB4 /* content.js in Resources */ = {isa = PBXBuildFile; fileRef = 7A9BE6EF2CA094E200F87AB4 /* content.js */; };
		7A9BE7022CA094E200F87AB4 /* settings.html in Resources */ = {isa = PBXBuildFile; fileRef = 7A9BE6F22CA094E200F87AB4 /* settings.html */; };
		7A9BE7032CA094E200F87AB4 /* styles.js in Resources */ = {isa = PBXBuildFile; fileRef = 7A9BE6F32CA094E200F87AB4 /* styles.js */; };
		7A9BE7042CA094E200F87AB4 /* settings.js in Resources */ = {isa = PBXBuildFile; fileRef = 7A9BE6F42CA094E200F87AB4 /* settings.js */; };
		7A9BE7052CA094E200F87AB4 /* settings.js.LICENSE.txt in Resources */ = {isa = PBXBuildFile; fileRef = 7A9BE6E02CA094E200F87AB4 /* settings.js.LICENSE.txt */; };
		7A9BE7062CA094E200F87AB4 /* background-safari.js in Resources */ = {isa = PBXBuildFile; fileRef = 7A9BE6E22CA094E200F87AB4 /* background-safari.js */; };
		7A9BE7072CA094E200F87AB4 /* popup.js in Resources */ = {isa = PBXBuildFile; fileRef = 7A9BE6E32CA094E200F87AB4 /* popup.js */; };
		7A9BE7082CA094E200F87AB4 /* popup.js.LICENSE.txt in Resources */ = {isa = PBXBuildFile; fileRef = 7A9BE6E52CA094E200F87AB4 /* popup.js.LICENSE.txt */; };
		7A9BE7092CA094E200F87AB4 /* background.js in Resources */ = {isa = PBXBuildFile; fileRef = 7A9BE6E62CA094E200F87AB4 /* background.js */; };
		7A9BE70A2CA094E200F87AB4 /* popup.html in Resources */ = {isa = PBXBuildFile; fileRef = 7A9BE6E72CA094E200F87AB4 /* popup.html */; };
		7A9BE70B2CA094E200F87AB4 /* browser-polyfill.min.js in Resources */ = {isa = PBXBuildFile; fileRef = 7A9BE6E82CA094E200F87AB4 /* browser-polyfill.min.js */; };
		7A9BE70C2CA094E200F87AB4 /* background-firefox.js in Resources */ = {isa = PBXBuildFile; fileRef = 7A9BE6EA2CA094E200F87AB4 /* background-firefox.js */; };
		7A9BE70D2CA094E200F87AB4 /* icons in Resources */ = {isa = PBXBuildFile; fileRef = 7A9BE6EC2CA094E200F87AB4 /* icons */; };
		7A9BE70E2CA094E200F87AB4 /* style.css in Resources */ = {isa = PBXBuildFile; fileRef = 7A9BE6ED2CA094E200F87AB4 /* style.css */; };
		7A9BE70F2CA094E200F87AB4 /* manifest.json in Resources */ = {isa = PBXBuildFile; fileRef = 7A9BE6EE2CA094E200F87AB4 /* manifest.json */; };
		7A9BE7102CA094E200F87AB4 /* content.js in Resources */ = {isa = PBXBuildFile; fileRef = 7A9BE6EF2CA094E200F87AB4 /* content.js */; };
		7A9BE7112CA094E200F87AB4 /* settings.html in Resources */ = {isa = PBXBuildFile; fileRef = 7A9BE6F22CA094E200F87AB4 /* settings.html */; };
		7A9BE7122CA094E200F87AB4 /* styles.js in Resources */ = {isa = PBXBuildFile; fileRef = 7A9BE6F32CA094E200F87AB4 /* styles.js */; };
		7A9BE7132CA094E200F87AB4 /* settings.js in Resources */ = {isa = PBXBuildFile; fileRef = 7A9BE6F42CA094E200F87AB4 /* settings.js */; };
/* End PBXBuildFile section */

/* Begin PBXContainerItemProxy section */
		7A9BE6B22CA094E200F87AB4 /* PBXContainerItemProxy */ = {
			isa = PBXContainerItemProxy;
			containerPortal = 7A9BE67E2CA094E100F87AB4 /* Project object */;
			proxyType = 1;
			remoteGlobalIDString = 7A9BE6AF2CA094E200F87AB4;
			remoteInfo = "Obsidian Web Clipper Extension (iOS)";
		};
		7A9BE6BC2CA094E200F87AB4 /* PBXContainerItemProxy */ = {
			isa = PBXContainerItemProxy;
			containerPortal = 7A9BE67E2CA094E100F87AB4 /* Project object */;
			proxyType = 1;
			remoteGlobalIDString = 7A9BE6B92CA094E200F87AB4;
			remoteInfo = "Obsidian Web Clipper Extension (macOS)";
		};
/* End PBXContainerItemProxy section */

/* Begin PBXCopyFilesBuildPhase section */
		7A9BE6D42CA094E200F87AB4 /* Embed Foundation Extensions */ = {
			isa = PBXCopyFilesBuildPhase;
			buildActionMask = 2147483647;
			dstPath = "";
			dstSubfolderSpec = 13;
			files = (
				7A9BE6B12CA094E200F87AB4 /* Obsidian Web Clipper Extension.appex in Embed Foundation Extensions */,
			);
			name = "Embed Foundation Extensions";
			runOnlyForDeploymentPostprocessing = 0;
		};
		7A9BE6DB2CA094E200F87AB4 /* Embed Foundation Extensions */ = {
			isa = PBXCopyFilesBuildPhase;
			buildActionMask = 2147483647;
			dstPath = "";
			dstSubfolderSpec = 13;
			files = (
				7A9BE6BB2CA094E200F87AB4 /* Obsidian Web Clipper Extension.appex in Embed Foundation Extensions */,
			);
			name = "Embed Foundation Extensions";
			runOnlyForDeploymentPostprocessing = 0;
		};
/* End PBXCopyFilesBuildPhase section */

/* Begin PBXFileReference section */
		7A9BE6852CA094E100F87AB4 /* Base */ = {isa = PBXFileReference; lastKnownFileType = text.html; name = Base; path = ../Base.lproj/Main.html; sourceTree = "<group>"; };
		7A9BE6862CA094E100F87AB4 /* Icon.png */ = {isa = PBXFileReference; lastKnownFileType = image.png; path = Icon.png; sourceTree = "<group>"; };
		7A9BE6872CA094E100F87AB4 /* Style.css */ = {isa = PBXFileReference; lastKnownFileType = text.css; path = Style.css; sourceTree = "<group>"; };
		7A9BE6882CA094E100F87AB4 /* Script.js */ = {isa = PBXFileReference; lastKnownFileType = sourcecode.javascript; path = Script.js; sourceTree = "<group>"; };
		7A9BE6892CA094E100F87AB4 /* ViewController.swift */ = {isa = PBXFileReference; lastKnownFileType = sourcecode.swift; path = ViewController.swift; sourceTree = "<group>"; };
		7A9BE68A2CA094E200F87AB4 /* Assets.xcassets */ = {isa = PBXFileReference; lastKnownFileType = folder.assetcatalog; path = Assets.xcassets; sourceTree = "<group>"; };
		7A9BE68C2CA094E200F87AB4 /* SafariWebExtensionHandler.swift */ = {isa = PBXFileReference; lastKnownFileType = sourcecode.swift; path = SafariWebExtensionHandler.swift; sourceTree = "<group>"; };
		7A9BE6912CA094E200F87AB4 /* Obsidian Web Clipper.app */ = {isa = PBXFileReference; explicitFileType = wrapper.application; includeInIndex = 0; path = "Obsidian Web Clipper.app"; sourceTree = BUILT_PRODUCTS_DIR; };
		7A9BE6942CA094E200F87AB4 /* AppDelegate.swift */ = {isa = PBXFileReference; lastKnownFileType = sourcecode.swift; path = AppDelegate.swift; sourceTree = "<group>"; };
		7A9BE6962CA094E200F87AB4 /* SceneDelegate.swift */ = {isa = PBXFileReference; lastKnownFileType = sourcecode.swift; path = SceneDelegate.swift; sourceTree = "<group>"; };
		7A9BE6992CA094E200F87AB4 /* Base */ = {isa = PBXFileReference; lastKnownFileType = file.storyboard; name = Base; path = Base.lproj/LaunchScreen.storyboard; sourceTree = "<group>"; };
		7A9BE69C2CA094E200F87AB4 /* Base */ = {isa = PBXFileReference; lastKnownFileType = file.storyboard; name = Base; path = Base.lproj/Main.storyboard; sourceTree = "<group>"; };
		7A9BE69E2CA094E200F87AB4 /* Info.plist */ = {isa = PBXFileReference; lastKnownFileType = text.plist.xml; path = Info.plist; sourceTree = "<group>"; };
		7A9BE6A32CA094E200F87AB4 /* Obsidian Web Clipper.app */ = {isa = PBXFileReference; explicitFileType = wrapper.application; includeInIndex = 0; path = "Obsidian Web Clipper.app"; sourceTree = BUILT_PRODUCTS_DIR; };
		7A9BE6A52CA094E200F87AB4 /* AppDelegate.swift */ = {isa = PBXFileReference; lastKnownFileType = sourcecode.swift; path = AppDelegate.swift; sourceTree = "<group>"; };
		7A9BE6A82CA094E200F87AB4 /* Base */ = {isa = PBXFileReference; lastKnownFileType = file.storyboard; name = Base; path = Base.lproj/Main.storyboard; sourceTree = "<group>"; };
		7A9BE6AA2CA094E200F87AB4 /* Info.plist */ = {isa = PBXFileReference; lastKnownFileType = text.plist.xml; path = Info.plist; sourceTree = "<group>"; };
		7A9BE6AB2CA094E200F87AB4 /* Obsidian Web Clipper.entitlements */ = {isa = PBXFileReference; lastKnownFileType = text.plist.entitlements; path = "Obsidian Web Clipper.entitlements"; sourceTree = "<group>"; };
		7A9BE6B02CA094E200F87AB4 /* Obsidian Web Clipper Extension.appex */ = {isa = PBXFileReference; explicitFileType = "wrapper.app-extension"; includeInIndex = 0; path = "Obsidian Web Clipper Extension.appex"; sourceTree = BUILT_PRODUCTS_DIR; };
		7A9BE6B52CA094E200F87AB4 /* Info.plist */ = {isa = PBXFileReference; lastKnownFileType = text.plist.xml; path = Info.plist; sourceTree = "<group>"; };
		7A9BE6BA2CA094E200F87AB4 /* Obsidian Web Clipper Extension.appex */ = {isa = PBXFileReference; explicitFileType = "wrapper.app-extension"; includeInIndex = 0; path = "Obsidian Web Clipper Extension.appex"; sourceTree = BUILT_PRODUCTS_DIR; };
		7A9BE6BF2CA094E200F87AB4 /* Info.plist */ = {isa = PBXFileReference; lastKnownFileType = text.plist.xml; path = Info.plist; sourceTree = "<group>"; };
		7A9BE6C02CA094E200F87AB4 /* Obsidian Web Clipper.entitlements */ = {isa = PBXFileReference; lastKnownFileType = text.plist.entitlements; path = "Obsidian Web Clipper.entitlements"; sourceTree = "<group>"; };
		7A9BE6E02CA094E200F87AB4 /* settings.js.LICENSE.txt */ = {isa = PBXFileReference; lastKnownFileType = text; name = settings.js.LICENSE.txt; path = ../../../dist_safari/settings.js.LICENSE.txt; sourceTree = "<group>"; };
		7A9BE6E12CA094E200F87AB4 /* background-firefox.js.map */ = {isa = PBXFileReference; lastKnownFileType = "sourcecode.module-map"; name = "background-firefox.js.map"; path = "../../../dist_safari/background-firefox.js.map"; sourceTree = "<group>"; };
		7A9BE6E22CA094E200F87AB4 /* background-safari.js */ = {isa = PBXFileReference; lastKnownFileType = sourcecode.javascript; name = "background-safari.js"; path = "../../../dist_safari/background-safari.js"; sourceTree = "<group>"; };
		7A9BE6E32CA094E200F87AB4 /* popup.js */ = {isa = PBXFileReference; lastKnownFileType = sourcecode.javascript; name = popup.js; path = ../../../dist_safari/popup.js; sourceTree = "<group>"; };
		7A9BE6E42CA094E200F87AB4 /* popup.js.map */ = {isa = PBXFileReference; lastKnownFileType = "sourcecode.module-map"; name = popup.js.map; path = ../../../dist_safari/popup.js.map; sourceTree = "<group>"; };
		7A9BE6E52CA094E200F87AB4 /* popup.js.LICENSE.txt */ = {isa = PBXFileReference; lastKnownFileType = text; name = popup.js.LICENSE.txt; path = ../../../dist_safari/popup.js.LICENSE.txt; sourceTree = "<group>"; };
		7A9BE6E62CA094E200F87AB4 /* background.js */ = {isa = PBXFileReference; lastKnownFileType = sourcecode.javascript; name = background.js; path = ../../../dist_safari/background.js; sourceTree = "<group>"; };
		7A9BE6E72CA094E200F87AB4 /* popup.html */ = {isa = PBXFileReference; lastKnownFileType = text.html; name = popup.html; path = ../../../dist_safari/popup.html; sourceTree = "<group>"; };
		7A9BE6E82CA094E200F87AB4 /* browser-polyfill.min.js */ = {isa = PBXFileReference; lastKnownFileType = sourcecode.javascript; name = "browser-polyfill.min.js"; path = "../../../dist_safari/browser-polyfill.min.js"; sourceTree = "<group>"; };
		7A9BE6E92CA094E200F87AB4 /* style.css.map */ = {isa = PBXFileReference; lastKnownFileType = "sourcecode.module-map"; name = style.css.map; path = ../../../dist_safari/style.css.map; sourceTree = "<group>"; };
		7A9BE6EA2CA094E200F87AB4 /* background-firefox.js */ = {isa = PBXFileReference; lastKnownFileType = sourcecode.javascript; name = "background-firefox.js"; path = "../../../dist_safari/background-firefox.js"; sourceTree = "<group>"; };
		7A9BE6EB2CA094E200F87AB4 /* content.js.map */ = {isa = PBXFileReference; lastKnownFileType = "sourcecode.module-map"; name = content.js.map; path = ../../../dist_safari/content.js.map; sourceTree = "<group>"; };
		7A9BE6EC2CA094E200F87AB4 /* icons */ = {isa = PBXFileReference; lastKnownFileType = folder; name = icons; path = ../../../dist_safari/icons; sourceTree = "<group>"; };
		7A9BE6ED2CA094E200F87AB4 /* style.css */ = {isa = PBXFileReference; lastKnownFileType = text.css; name = style.css; path = ../../../dist_safari/style.css; sourceTree = "<group>"; };
		7A9BE6EE2CA094E200F87AB4 /* manifest.json */ = {isa = PBXFileReference; lastKnownFileType = text.json; name = manifest.json; path = ../../../dist_safari/manifest.json; sourceTree = "<group>"; };
		7A9BE6EF2CA094E200F87AB4 /* content.js */ = {isa = PBXFileReference; lastKnownFileType = sourcecode.javascript; name = content.js; path = ../../../dist_safari/content.js; sourceTree = "<group>"; };
		7A9BE6F02CA094E200F87AB4 /* background.js.map */ = {isa = PBXFileReference; lastKnownFileType = "sourcecode.module-map"; name = background.js.map; path = ../../../dist_safari/background.js.map; sourceTree = "<group>"; };
		7A9BE6F12CA094E200F87AB4 /* settings.js.map */ = {isa = PBXFileReference; lastKnownFileType = "sourcecode.module-map"; name = settings.js.map; path = ../../../dist_safari/settings.js.map; sourceTree = "<group>"; };
		7A9BE6F22CA094E200F87AB4 /* settings.html */ = {isa = PBXFileReference; lastKnownFileType = text.html; name = settings.html; path = ../../../dist_safari/settings.html; sourceTree = "<group>"; };
		7A9BE6F32CA094E200F87AB4 /* styles.js */ = {isa = PBXFileReference; lastKnownFileType = sourcecode.javascript; name = styles.js; path = ../../../dist_safari/styles.js; sourceTree = "<group>"; };
		7A9BE6F42CA094E200F87AB4 /* settings.js */ = {isa = PBXFileReference; lastKnownFileType = sourcecode.javascript; name = settings.js; path = ../../../dist_safari/settings.js; sourceTree = "<group>"; };
		7A9BE6F52CA094E200F87AB4 /* background-safari.js.map */ = {isa = PBXFileReference; lastKnownFileType = "sourcecode.module-map"; name = "background-safari.js.map"; path = "../../../dist_safari/background-safari.js.map"; sourceTree = "<group>"; };
/* End PBXFileReference section */

/* Begin PBXFrameworksBuildPhase section */
		7A9BE68E2CA094E200F87AB4 /* Frameworks */ = {
			isa = PBXFrameworksBuildPhase;
			buildActionMask = 2147483647;
			files = (
			);
			runOnlyForDeploymentPostprocessing = 0;
		};
		7A9BE6A02CA094E200F87AB4 /* Frameworks */ = {
			isa = PBXFrameworksBuildPhase;
			buildActionMask = 2147483647;
			files = (
			);
			runOnlyForDeploymentPostprocessing = 0;
		};
		7A9BE6AD2CA094E200F87AB4 /* Frameworks */ = {
			isa = PBXFrameworksBuildPhase;
			buildActionMask = 2147483647;
			files = (
			);
			runOnlyForDeploymentPostprocessing = 0;
		};
		7A9BE6B72CA094E200F87AB4 /* Frameworks */ = {
			isa = PBXFrameworksBuildPhase;
			buildActionMask = 2147483647;
			files = (
			);
			runOnlyForDeploymentPostprocessing = 0;
		};
/* End PBXFrameworksBuildPhase section */

/* Begin PBXGroup section */
		7A9BE67D2CA094E100F87AB4 = {
			isa = PBXGroup;
			children = (
				7A9BE6822CA094E100F87AB4 /* Shared (App) */,
				7A9BE68B2CA094E200F87AB4 /* Shared (Extension) */,
				7A9BE6932CA094E200F87AB4 /* iOS (App) */,
				7A9BE6A42CA094E200F87AB4 /* macOS (App) */,
				7A9BE6B42CA094E200F87AB4 /* iOS (Extension) */,
				7A9BE6BE2CA094E200F87AB4 /* macOS (Extension) */,
				7A9BE6922CA094E200F87AB4 /* Products */,
			);
			sourceTree = "<group>";
		};
		7A9BE6822CA094E100F87AB4 /* Shared (App) */ = {
			isa = PBXGroup;
			children = (
				7A9BE6892CA094E100F87AB4 /* ViewController.swift */,
				7A9BE68A2CA094E200F87AB4 /* Assets.xcassets */,
				7A9BE6832CA094E100F87AB4 /* Resources */,
			);
			path = "Shared (App)";
			sourceTree = "<group>";
		};
		7A9BE6832CA094E100F87AB4 /* Resources */ = {
			isa = PBXGroup;
			children = (
				7A9BE6842CA094E100F87AB4 /* Main.html */,
				7A9BE6862CA094E100F87AB4 /* Icon.png */,
				7A9BE6872CA094E100F87AB4 /* Style.css */,
				7A9BE6882CA094E100F87AB4 /* Script.js */,
			);
			path = Resources;
			sourceTree = "<group>";
		};
		7A9BE68B2CA094E200F87AB4 /* Shared (Extension) */ = {
			isa = PBXGroup;
			children = (
				7A9BE6DF2CA094E200F87AB4 /* Resources */,
				7A9BE68C2CA094E200F87AB4 /* SafariWebExtensionHandler.swift */,
			);
			path = "Shared (Extension)";
			sourceTree = "<group>";
		};
		7A9BE6922CA094E200F87AB4 /* Products */ = {
			isa = PBXGroup;
			children = (
				7A9BE6912CA094E200F87AB4 /* Obsidian Web Clipper.app */,
				7A9BE6A32CA094E200F87AB4 /* Obsidian Web Clipper.app */,
				7A9BE6B02CA094E200F87AB4 /* Obsidian Web Clipper Extension.appex */,
				7A9BE6BA2CA094E200F87AB4 /* Obsidian Web Clipper Extension.appex */,
			);
			name = Products;
			sourceTree = "<group>";
		};
		7A9BE6932CA094E200F87AB4 /* iOS (App) */ = {
			isa = PBXGroup;
			children = (
				7A9BE6942CA094E200F87AB4 /* AppDelegate.swift */,
				7A9BE6962CA094E200F87AB4 /* SceneDelegate.swift */,
				7A9BE6982CA094E200F87AB4 /* LaunchScreen.storyboard */,
				7A9BE69B2CA094E200F87AB4 /* Main.storyboard */,
				7A9BE69E2CA094E200F87AB4 /* Info.plist */,
			);
			path = "iOS (App)";
			sourceTree = "<group>";
		};
		7A9BE6A42CA094E200F87AB4 /* macOS (App) */ = {
			isa = PBXGroup;
			children = (
				7A9BE6A52CA094E200F87AB4 /* AppDelegate.swift */,
				7A9BE6A72CA094E200F87AB4 /* Main.storyboard */,
				7A9BE6AA2CA094E200F87AB4 /* Info.plist */,
				7A9BE6AB2CA094E200F87AB4 /* Obsidian Web Clipper.entitlements */,
			);
			path = "macOS (App)";
			sourceTree = "<group>";
		};
		7A9BE6B42CA094E200F87AB4 /* iOS (Extension) */ = {
			isa = PBXGroup;
			children = (
				7A9BE6B52CA094E200F87AB4 /* Info.plist */,
			);
			path = "iOS (Extension)";
			sourceTree = "<group>";
		};
		7A9BE6BE2CA094E200F87AB4 /* macOS (Extension) */ = {
			isa = PBXGroup;
			children = (
				7A9BE6BF2CA094E200F87AB4 /* Info.plist */,
				7A9BE6C02CA094E200F87AB4 /* Obsidian Web Clipper.entitlements */,
			);
			path = "macOS (Extension)";
			sourceTree = "<group>";
		};
		7A9BE6DF2CA094E200F87AB4 /* Resources */ = {
			isa = PBXGroup;
			children = (
				7A9BE6E02CA094E200F87AB4 /* settings.js.LICENSE.txt */,
				7A9BE6E12CA094E200F87AB4 /* background-firefox.js.map */,
				7A9BE6E22CA094E200F87AB4 /* background-safari.js */,
				7A9BE6E32CA094E200F87AB4 /* popup.js */,
				7A9BE6E42CA094E200F87AB4 /* popup.js.map */,
				7A9BE6E52CA094E200F87AB4 /* popup.js.LICENSE.txt */,
				7A9BE6E62CA094E200F87AB4 /* background.js */,
				7A9BE6E72CA094E200F87AB4 /* popup.html */,
				7A9BE6E82CA094E200F87AB4 /* browser-polyfill.min.js */,
				7A9BE6E92CA094E200F87AB4 /* style.css.map */,
				7A9BE6EA2CA094E200F87AB4 /* background-firefox.js */,
				7A9BE6EB2CA094E200F87AB4 /* content.js.map */,
				7A9BE6EC2CA094E200F87AB4 /* icons */,
				7A9BE6ED2CA094E200F87AB4 /* style.css */,
				7A9BE6EE2CA094E200F87AB4 /* manifest.json */,
				7A9BE6EF2CA094E200F87AB4 /* content.js */,
				7A9BE6F02CA094E200F87AB4 /* background.js.map */,
				7A9BE6F12CA094E200F87AB4 /* settings.js.map */,
				7A9BE6F22CA094E200F87AB4 /* settings.html */,
				7A9BE6F32CA094E200F87AB4 /* styles.js */,
				7A9BE6F42CA094E200F87AB4 /* settings.js */,
				7A9BE6F52CA094E200F87AB4 /* background-safari.js.map */,
			);
			name = Resources;
			path = "Shared (Extension)";
			sourceTree = SOURCE_ROOT;
		};
/* End PBXGroup section */

/* Begin PBXNativeTarget section */
		7A9BE6902CA094E200F87AB4 /* Obsidian Web Clipper (iOS) */ = {
			isa = PBXNativeTarget;
			buildConfigurationList = 7A9BE6D52CA094E200F87AB4 /* Build configuration list for PBXNativeTarget "Obsidian Web Clipper (iOS)" */;
			buildPhases = (
				7A9BE68D2CA094E200F87AB4 /* Sources */,
				7A9BE68E2CA094E200F87AB4 /* Frameworks */,
				7A9BE68F2CA094E200F87AB4 /* Resources */,
				7A9BE6D42CA094E200F87AB4 /* Embed Foundation Extensions */,
			);
			buildRules = (
			);
			dependencies = (
				7A9BE6B32CA094E200F87AB4 /* PBXTargetDependency */,
			);
			name = "Obsidian Web Clipper (iOS)";
			productName = "Obsidian Web Clipper (iOS)";
			productReference = 7A9BE6912CA094E200F87AB4 /* Obsidian Web Clipper.app */;
			productType = "com.apple.product-type.application";
		};
		7A9BE6A22CA094E200F87AB4 /* Obsidian Web Clipper (macOS) */ = {
			isa = PBXNativeTarget;
			buildConfigurationList = 7A9BE6DC2CA094E200F87AB4 /* Build configuration list for PBXNativeTarget "Obsidian Web Clipper (macOS)" */;
			buildPhases = (
				7A9BE69F2CA094E200F87AB4 /* Sources */,
				7A9BE6A02CA094E200F87AB4 /* Frameworks */,
				7A9BE6A12CA094E200F87AB4 /* Resources */,
				7A9BE6DB2CA094E200F87AB4 /* Embed Foundation Extensions */,
			);
			buildRules = (
			);
			dependencies = (
				7A9BE6BD2CA094E200F87AB4 /* PBXTargetDependency */,
			);
			name = "Obsidian Web Clipper (macOS)";
			productName = "Obsidian Web Clipper (macOS)";
			productReference = 7A9BE6A32CA094E200F87AB4 /* Obsidian Web Clipper.app */;
			productType = "com.apple.product-type.application";
		};
		7A9BE6AF2CA094E200F87AB4 /* Obsidian Web Clipper Extension (iOS) */ = {
			isa = PBXNativeTarget;
			buildConfigurationList = 7A9BE6D12CA094E200F87AB4 /* Build configuration list for PBXNativeTarget "Obsidian Web Clipper Extension (iOS)" */;
			buildPhases = (
				7A9BE6AC2CA094E200F87AB4 /* Sources */,
				7A9BE6AD2CA094E200F87AB4 /* Frameworks */,
				7A9BE6AE2CA094E200F87AB4 /* Resources */,
			);
			buildRules = (
			);
			dependencies = (
			);
			name = "Obsidian Web Clipper Extension (iOS)";
			productName = "Obsidian Web Clipper Extension (iOS)";
			productReference = 7A9BE6B02CA094E200F87AB4 /* Obsidian Web Clipper Extension.appex */;
			productType = "com.apple.product-type.app-extension";
		};
		7A9BE6B92CA094E200F87AB4 /* Obsidian Web Clipper Extension (macOS) */ = {
			isa = PBXNativeTarget;
			buildConfigurationList = 7A9BE6D82CA094E200F87AB4 /* Build configuration list for PBXNativeTarget "Obsidian Web Clipper Extension (macOS)" */;
			buildPhases = (
				7A9BE6B62CA094E200F87AB4 /* Sources */,
				7A9BE6B72CA094E200F87AB4 /* Frameworks */,
				7A9BE6B82CA094E200F87AB4 /* Resources */,
			);
			buildRules = (
			);
			dependencies = (
			);
			name = "Obsidian Web Clipper Extension (macOS)";
			productName = "Obsidian Web Clipper Extension (macOS)";
			productReference = 7A9BE6BA2CA094E200F87AB4 /* Obsidian Web Clipper Extension.appex */;
			productType = "com.apple.product-type.app-extension";
		};
/* End PBXNativeTarget section */

/* Begin PBXProject section */
		7A9BE67E2CA094E100F87AB4 /* Project object */ = {
			isa = PBXProject;
			attributes = {
				BuildIndependentTargetsInParallel = 1;
				LastSwiftUpdateCheck = 1540;
				LastUpgradeCheck = 1540;
				TargetAttributes = {
					7A9BE6902CA094E200F87AB4 = {
						CreatedOnToolsVersion = 15.4;
					};
					7A9BE6A22CA094E200F87AB4 = {
						CreatedOnToolsVersion = 15.4;
					};
					7A9BE6AF2CA094E200F87AB4 = {
						CreatedOnToolsVersion = 15.4;
					};
					7A9BE6B92CA094E200F87AB4 = {
						CreatedOnToolsVersion = 15.4;
					};
				};
			};
			buildConfigurationList = 7A9BE6812CA094E100F87AB4 /* Build configuration list for PBXProject "Obsidian Web Clipper" */;
			compatibilityVersion = "Xcode 14.0";
			developmentRegion = en;
			hasScannedForEncodings = 0;
			knownRegions = (
				en,
				Base,
			);
			mainGroup = 7A9BE67D2CA094E100F87AB4;
			productRefGroup = 7A9BE6922CA094E200F87AB4 /* Products */;
			projectDirPath = "";
			projectRoot = "";
			targets = (
				7A9BE6902CA094E200F87AB4 /* Obsidian Web Clipper (iOS) */,
				7A9BE6A22CA094E200F87AB4 /* Obsidian Web Clipper (macOS) */,
				7A9BE6AF2CA094E200F87AB4 /* Obsidian Web Clipper Extension (iOS) */,
				7A9BE6B92CA094E200F87AB4 /* Obsidian Web Clipper Extension (macOS) */,
			);
		};
/* End PBXProject section */

/* Begin PBXResourcesBuildPhase section */
		7A9BE68F2CA094E200F87AB4 /* Resources */ = {
			isa = PBXResourcesBuildPhase;
			buildActionMask = 2147483647;
			files = (
				7A9BE6C32CA094E200F87AB4 /* Icon.png in Resources */,
				7A9BE69A2CA094E200F87AB4 /* Base in Resources */,
				7A9BE6C12CA094E200F87AB4 /* Base in Resources */,
				7A9BE6C72CA094E200F87AB4 /* Script.js in Resources */,
				7A9BE6CB2CA094E200F87AB4 /* Assets.xcassets in Resources */,
				7A9BE69D2CA094E200F87AB4 /* Base in Resources */,
				7A9BE6C52CA094E200F87AB4 /* Style.css in Resources */,
			);
			runOnlyForDeploymentPostprocessing = 0;
		};
		7A9BE6A12CA094E200F87AB4 /* Resources */ = {
			isa = PBXResourcesBuildPhase;
			buildActionMask = 2147483647;
			files = (
				7A9BE6C42CA094E200F87AB4 /* Icon.png in Resources */,
				7A9BE6C62CA094E200F87AB4 /* Style.css in Resources */,
				7A9BE6A92CA094E200F87AB4 /* Base in Resources */,
				7A9BE6C82CA094E200F87AB4 /* Script.js in Resources */,
				7A9BE6CC2CA094E200F87AB4 /* Assets.xcassets in Resources */,
				7A9BE6C22CA094E200F87AB4 /* Base in Resources */,
			);
			runOnlyForDeploymentPostprocessing = 0;
		};
		7A9BE6AE2CA094E200F87AB4 /* Resources */ = {
			isa = PBXResourcesBuildPhase;
			buildActionMask = 2147483647;
			files = (
				7A9BE7112CA094E200F87AB4 /* settings.html in Resources */,
				7A9BE7102CA094E200F87AB4 /* content.js in Resources */,
				7A9BE70C2CA094E200F87AB4 /* background-firefox.js in Resources */,
				7A9BE70B2CA094E200F87AB4 /* browser-polyfill.min.js in Resources */,
				7A9BE7062CA094E200F87AB4 /* background-safari.js in Resources */,
				7A9BE70D2CA094E200F87AB4 /* icons in Resources */,
				7A9BE70A2CA094E200F87AB4 /* popup.html in Resources */,
				7A9BE70F2CA094E200F87AB4 /* manifest.json in Resources */,
				7A9BE7122CA094E200F87AB4 /* styles.js in Resources */,
				7A9BE7072CA094E200F87AB4 /* popup.js in Resources */,
				7A9BE7082CA094E200F87AB4 /* popup.js.LICENSE.txt in Resources */,
				7A9BE7132CA094E200F87AB4 /* settings.js in Resources */,
				7A9BE70E2CA094E200F87AB4 /* style.css in Resources */,
				7A9BE7052CA094E200F87AB4 /* settings.js.LICENSE.txt in Resources */,
				7A9BE7092CA094E200F87AB4 /* background.js in Resources */,
			);
			runOnlyForDeploymentPostprocessing = 0;
		};
		7A9BE6B82CA094E200F87AB4 /* Resources */ = {
			isa = PBXResourcesBuildPhase;
			buildActionMask = 2147483647;
			files = (
				7A9BE7022CA094E200F87AB4 /* settings.html in Resources */,
				7A9BE7012CA094E200F87AB4 /* content.js in Resources */,
				7A9BE6FD2CA094E200F87AB4 /* background-firefox.js in Resources */,
				7A9BE6FC2CA094E200F87AB4 /* browser-polyfill.min.js in Resources */,
				7A9BE6F72CA094E200F87AB4 /* background-safari.js in Resources */,
				7A9BE6FE2CA094E200F87AB4 /* icons in Resources */,
				7A9BE6FB2CA094E200F87AB4 /* popup.html in Resources */,
				7A9BE7002CA094E200F87AB4 /* manifest.json in Resources */,
				7A9BE7032CA094E200F87AB4 /* styles.js in Resources */,
				7A9BE6F82CA094E200F87AB4 /* popup.js in Resources */,
				7A9BE6F92CA094E200F87AB4 /* popup.js.LICENSE.txt in Resources */,
				7A9BE7042CA094E200F87AB4 /* settings.js in Resources */,
				7A9BE6FF2CA094E200F87AB4 /* style.css in Resources */,
				7A9BE6F62CA094E200F87AB4 /* settings.js.LICENSE.txt in Resources */,
				7A9BE6FA2CA094E200F87AB4 /* background.js in Resources */,
			);
			runOnlyForDeploymentPostprocessing = 0;
		};
/* End PBXResourcesBuildPhase section */

/* Begin PBXSourcesBuildPhase section */
		7A9BE68D2CA094E200F87AB4 /* Sources */ = {
			isa = PBXSourcesBuildPhase;
			buildActionMask = 2147483647;
			files = (
				7A9BE6C92CA094E200F87AB4 /* ViewController.swift in Sources */,
				7A9BE6952CA094E200F87AB4 /* AppDelegate.swift in Sources */,
				7A9BE6972CA094E200F87AB4 /* SceneDelegate.swift in Sources */,
			);
			runOnlyForDeploymentPostprocessing = 0;
		};
		7A9BE69F2CA094E200F87AB4 /* Sources */ = {
			isa = PBXSourcesBuildPhase;
			buildActionMask = 2147483647;
			files = (
				7A9BE6CA2CA094E200F87AB4 /* ViewController.swift in Sources */,
				7A9BE6A62CA094E200F87AB4 /* AppDelegate.swift in Sources */,
			);
			runOnlyForDeploymentPostprocessing = 0;
		};
		7A9BE6AC2CA094E200F87AB4 /* Sources */ = {
			isa = PBXSourcesBuildPhase;
			buildActionMask = 2147483647;
			files = (
				7A9BE6CD2CA094E200F87AB4 /* SafariWebExtensionHandler.swift in Sources */,
			);
			runOnlyForDeploymentPostprocessing = 0;
		};
		7A9BE6B62CA094E200F87AB4 /* Sources */ = {
			isa = PBXSourcesBuildPhase;
			buildActionMask = 2147483647;
			files = (
				7A9BE6CE2CA094E200F87AB4 /* SafariWebExtensionHandler.swift in Sources */,
			);
			runOnlyForDeploymentPostprocessing = 0;
		};
/* End PBXSourcesBuildPhase section */

/* Begin PBXTargetDependency section */
		7A9BE6B32CA094E200F87AB4 /* PBXTargetDependency */ = {
			isa = PBXTargetDependency;
			target = 7A9BE6AF2CA094E200F87AB4 /* Obsidian Web Clipper Extension (iOS) */;
			targetProxy = 7A9BE6B22CA094E200F87AB4 /* PBXContainerItemProxy */;
		};
		7A9BE6BD2CA094E200F87AB4 /* PBXTargetDependency */ = {
			isa = PBXTargetDependency;
			target = 7A9BE6B92CA094E200F87AB4 /* Obsidian Web Clipper Extension (macOS) */;
			targetProxy = 7A9BE6BC2CA094E200F87AB4 /* PBXContainerItemProxy */;
		};
/* End PBXTargetDependency section */

/* Begin PBXVariantGroup section */
		7A9BE6842CA094E100F87AB4 /* Main.html */ = {
			isa = PBXVariantGroup;
			children = (
				7A9BE6852CA094E100F87AB4 /* Base */,
			);
			name = Main.html;
			sourceTree = "<group>";
		};
		7A9BE6982CA094E200F87AB4 /* LaunchScreen.storyboard */ = {
			isa = PBXVariantGroup;
			children = (
				7A9BE6992CA094E200F87AB4 /* Base */,
			);
			name = LaunchScreen.storyboard;
			sourceTree = "<group>";
		};
		7A9BE69B2CA094E200F87AB4 /* Main.storyboard */ = {
			isa = PBXVariantGroup;
			children = (
				7A9BE69C2CA094E200F87AB4 /* Base */,
			);
			name = Main.storyboard;
			sourceTree = "<group>";
		};
		7A9BE6A72CA094E200F87AB4 /* Main.storyboard */ = {
			isa = PBXVariantGroup;
			children = (
				7A9BE6A82CA094E200F87AB4 /* Base */,
			);
			name = Main.storyboard;
			sourceTree = "<group>";
		};
/* End PBXVariantGroup section */

/* Begin XCBuildConfiguration section */
		7A9BE6CF2CA094E200F87AB4 /* Debug */ = {
			isa = XCBuildConfiguration;
			buildSettings = {
				ALWAYS_SEARCH_USER_PATHS = NO;
				ASSETCATALOG_COMPILER_GENERATE_SWIFT_ASSET_SYMBOL_EXTENSIONS = YES;
				CLANG_ANALYZER_NONNULL = YES;
				CLANG_ANALYZER_NUMBER_OBJECT_CONVERSION = YES_AGGRESSIVE;
				CLANG_CXX_LANGUAGE_STANDARD = "gnu++20";
				CLANG_ENABLE_MODULES = YES;
				CLANG_ENABLE_OBJC_ARC = YES;
				CLANG_ENABLE_OBJC_WEAK = YES;
				CLANG_WARN_BLOCK_CAPTURE_AUTORELEASING = YES;
				CLANG_WARN_BOOL_CONVERSION = YES;
				CLANG_WARN_COMMA = YES;
				CLANG_WARN_CONSTANT_CONVERSION = YES;
				CLANG_WARN_DEPRECATED_OBJC_IMPLEMENTATIONS = YES;
				CLANG_WARN_DIRECT_OBJC_ISA_USAGE = YES_ERROR;
				CLANG_WARN_DOCUMENTATION_COMMENTS = YES;
				CLANG_WARN_EMPTY_BODY = YES;
				CLANG_WARN_ENUM_CONVERSION = YES;
				CLANG_WARN_INFINITE_RECURSION = YES;
				CLANG_WARN_INT_CONVERSION = YES;
				CLANG_WARN_NON_LITERAL_NULL_CONVERSION = YES;
				CLANG_WARN_OBJC_IMPLICIT_RETAIN_SELF = YES;
				CLANG_WARN_OBJC_LITERAL_CONVERSION = YES;
				CLANG_WARN_OBJC_ROOT_CLASS = YES_ERROR;
				CLANG_WARN_QUOTED_INCLUDE_IN_FRAMEWORK_HEADER = YES;
				CLANG_WARN_RANGE_LOOP_ANALYSIS = YES;
				CLANG_WARN_STRICT_PROTOTYPES = YES;
				CLANG_WARN_SUSPICIOUS_MOVE = YES;
				CLANG_WARN_UNGUARDED_AVAILABILITY = YES_AGGRESSIVE;
				CLANG_WARN_UNREACHABLE_CODE = YES;
				CLANG_WARN__DUPLICATE_METHOD_MATCH = YES;
				COPY_PHASE_STRIP = NO;
				DEBUG_INFORMATION_FORMAT = dwarf;
				ENABLE_STRICT_OBJC_MSGSEND = YES;
				ENABLE_TESTABILITY = YES;
				ENABLE_USER_SCRIPT_SANDBOXING = YES;
				GCC_C_LANGUAGE_STANDARD = gnu17;
				GCC_DYNAMIC_NO_PIC = NO;
				GCC_NO_COMMON_BLOCKS = YES;
				GCC_OPTIMIZATION_LEVEL = 0;
				GCC_PREPROCESSOR_DEFINITIONS = (
					"DEBUG=1",
					"$(inherited)",
				);
				GCC_WARN_64_TO_32_BIT_CONVERSION = YES;
				GCC_WARN_ABOUT_RETURN_TYPE = YES_ERROR;
				GCC_WARN_UNDECLARED_SELECTOR = YES;
				GCC_WARN_UNINITIALIZED_AUTOS = YES_AGGRESSIVE;
				GCC_WARN_UNUSED_FUNCTION = YES;
				GCC_WARN_UNUSED_VARIABLE = YES;
				LOCALIZATION_PREFERS_STRING_CATALOGS = YES;
				MTL_ENABLE_DEBUG_INFO = INCLUDE_SOURCE;
				MTL_FAST_MATH = YES;
				ONLY_ACTIVE_ARCH = YES;
				SWIFT_ACTIVE_COMPILATION_CONDITIONS = "DEBUG $(inherited)";
				SWIFT_OPTIMIZATION_LEVEL = "-Onone";
			};
			name = Debug;
		};
		7A9BE6D02CA094E200F87AB4 /* Release */ = {
			isa = XCBuildConfiguration;
			buildSettings = {
				ALWAYS_SEARCH_USER_PATHS = NO;
				ASSETCATALOG_COMPILER_GENERATE_SWIFT_ASSET_SYMBOL_EXTENSIONS = YES;
				CLANG_ANALYZER_NONNULL = YES;
				CLANG_ANALYZER_NUMBER_OBJECT_CONVERSION = YES_AGGRESSIVE;
				CLANG_CXX_LANGUAGE_STANDARD = "gnu++20";
				CLANG_ENABLE_MODULES = YES;
				CLANG_ENABLE_OBJC_ARC = YES;
				CLANG_ENABLE_OBJC_WEAK = YES;
				CLANG_WARN_BLOCK_CAPTURE_AUTORELEASING = YES;
				CLANG_WARN_BOOL_CONVERSION = YES;
				CLANG_WARN_COMMA = YES;
				CLANG_WARN_CONSTANT_CONVERSION = YES;
				CLANG_WARN_DEPRECATED_OBJC_IMPLEMENTATIONS = YES;
				CLANG_WARN_DIRECT_OBJC_ISA_USAGE = YES_ERROR;
				CLANG_WARN_DOCUMENTATION_COMMENTS = YES;
				CLANG_WARN_EMPTY_BODY = YES;
				CLANG_WARN_ENUM_CONVERSION = YES;
				CLANG_WARN_INFINITE_RECURSION = YES;
				CLANG_WARN_INT_CONVERSION = YES;
				CLANG_WARN_NON_LITERAL_NULL_CONVERSION = YES;
				CLANG_WARN_OBJC_IMPLICIT_RETAIN_SELF = YES;
				CLANG_WARN_OBJC_LITERAL_CONVERSION = YES;
				CLANG_WARN_OBJC_ROOT_CLASS = YES_ERROR;
				CLANG_WARN_QUOTED_INCLUDE_IN_FRAMEWORK_HEADER = YES;
				CLANG_WARN_RANGE_LOOP_ANALYSIS = YES;
				CLANG_WARN_STRICT_PROTOTYPES = YES;
				CLANG_WARN_SUSPICIOUS_MOVE = YES;
				CLANG_WARN_UNGUARDED_AVAILABILITY = YES_AGGRESSIVE;
				CLANG_WARN_UNREACHABLE_CODE = YES;
				CLANG_WARN__DUPLICATE_METHOD_MATCH = YES;
				COPY_PHASE_STRIP = NO;
				DEBUG_INFORMATION_FORMAT = "dwarf-with-dsym";
				ENABLE_NS_ASSERTIONS = NO;
				ENABLE_STRICT_OBJC_MSGSEND = YES;
				ENABLE_USER_SCRIPT_SANDBOXING = YES;
				GCC_C_LANGUAGE_STANDARD = gnu17;
				GCC_NO_COMMON_BLOCKS = YES;
				GCC_WARN_64_TO_32_BIT_CONVERSION = YES;
				GCC_WARN_ABOUT_RETURN_TYPE = YES_ERROR;
				GCC_WARN_UNDECLARED_SELECTOR = YES;
				GCC_WARN_UNINITIALIZED_AUTOS = YES_AGGRESSIVE;
				GCC_WARN_UNUSED_FUNCTION = YES;
				GCC_WARN_UNUSED_VARIABLE = YES;
				LOCALIZATION_PREFERS_STRING_CATALOGS = YES;
				MTL_ENABLE_DEBUG_INFO = NO;
				MTL_FAST_MATH = YES;
				SWIFT_COMPILATION_MODE = wholemodule;
			};
			name = Release;
		};
		7A9BE6D22CA094E200F87AB4 /* Debug */ = {
			isa = XCBuildConfiguration;
			buildSettings = {
				CODE_SIGN_STYLE = Automatic;
				CURRENT_PROJECT_VERSION = 1;
				DEVELOPMENT_TEAM = 6JSW4SJWN9;
				GENERATE_INFOPLIST_FILE = YES;
				INFOPLIST_FILE = "iOS (Extension)/Info.plist";
				INFOPLIST_KEY_CFBundleDisplayName = "Obsidian Web Clipper Extension";
				INFOPLIST_KEY_NSHumanReadableCopyright = "";
				IPHONEOS_DEPLOYMENT_TARGET = 15.0;
				LD_RUNPATH_SEARCH_PATHS = (
					"$(inherited)",
					"@executable_path/Frameworks",
					"@executable_path/../../Frameworks",
				);
				MARKETING_VERSION = 1.0;
				OTHER_LDFLAGS = (
					"-framework",
					SafariServices,
				);
				PRODUCT_BUNDLE_IDENTIFIER = "md.obsidian.Obsidian-Web-Clipper.Extension";
				PRODUCT_NAME = "Obsidian Web Clipper Extension";
				SDKROOT = iphoneos;
				SKIP_INSTALL = YES;
				SWIFT_EMIT_LOC_STRINGS = YES;
				SWIFT_VERSION = 5.0;
				TARGETED_DEVICE_FAMILY = "1,2";
			};
			name = Debug;
		};
		7A9BE6D32CA094E200F87AB4 /* Release */ = {
			isa = XCBuildConfiguration;
			buildSettings = {
				CODE_SIGN_STYLE = Automatic;
				CURRENT_PROJECT_VERSION = 1;
				DEVELOPMENT_TEAM = 6JSW4SJWN9;
				GENERATE_INFOPLIST_FILE = YES;
				INFOPLIST_FILE = "iOS (Extension)/Info.plist";
				INFOPLIST_KEY_CFBundleDisplayName = "Obsidian Web Clipper Extension";
				INFOPLIST_KEY_NSHumanReadableCopyright = "";
				IPHONEOS_DEPLOYMENT_TARGET = 15.0;
				LD_RUNPATH_SEARCH_PATHS = (
					"$(inherited)",
					"@executable_path/Frameworks",
					"@executable_path/../../Frameworks",
				);
				MARKETING_VERSION = 1.0;
				OTHER_LDFLAGS = (
					"-framework",
					SafariServices,
				);
				PRODUCT_BUNDLE_IDENTIFIER = "md.obsidian.Obsidian-Web-Clipper.Extension";
				PRODUCT_NAME = "Obsidian Web Clipper Extension";
				SDKROOT = iphoneos;
				SKIP_INSTALL = YES;
				SWIFT_EMIT_LOC_STRINGS = YES;
				SWIFT_VERSION = 5.0;
				TARGETED_DEVICE_FAMILY = "1,2";
				VALIDATE_PRODUCT = YES;
			};
			name = Release;
		};
		7A9BE6D62CA094E200F87AB4 /* Debug */ = {
			isa = XCBuildConfiguration;
			buildSettings = {
				ALWAYS_EMBED_SWIFT_STANDARD_LIBRARIES = YES;
				ASSETCATALOG_COMPILER_APPICON_NAME = AppIcon;
				ASSETCATALOG_COMPILER_GLOBAL_ACCENT_COLOR_NAME = AccentColor;
				CODE_SIGN_STYLE = Automatic;
				CURRENT_PROJECT_VERSION = 1;
				DEVELOPMENT_TEAM = 6JSW4SJWN9;
				GENERATE_INFOPLIST_FILE = YES;
				INFOPLIST_FILE = "iOS (App)/Info.plist";
				INFOPLIST_KEY_CFBundleDisplayName = "Obsidian Web Clipper";
				INFOPLIST_KEY_UIApplicationSupportsIndirectInputEvents = YES;
				INFOPLIST_KEY_UILaunchStoryboardName = LaunchScreen;
				INFOPLIST_KEY_UIMainStoryboardFile = Main;
				INFOPLIST_KEY_UISupportedInterfaceOrientations = "UIInterfaceOrientationPortrait UIInterfaceOrientationLandscapeLeft UIInterfaceOrientationLandscapeRight";
				INFOPLIST_KEY_UISupportedInterfaceOrientations_iPad = "UIInterfaceOrientationPortrait UIInterfaceOrientationPortraitUpsideDown UIInterfaceOrientationLandscapeLeft UIInterfaceOrientationLandscapeRight";
				IPHONEOS_DEPLOYMENT_TARGET = 15.0;
				LD_RUNPATH_SEARCH_PATHS = (
					"$(inherited)",
					"@executable_path/Frameworks",
				);
				MARKETING_VERSION = 1.0;
				OTHER_LDFLAGS = (
					"-framework",
					SafariServices,
					"-framework",
					WebKit,
				);
				PRODUCT_BUNDLE_IDENTIFIER = "md.obsidian.Obsidian-Web-Clipper";
				PRODUCT_NAME = "Obsidian Web Clipper";
				SDKROOT = iphoneos;
				SWIFT_EMIT_LOC_STRINGS = YES;
				SWIFT_VERSION = 5.0;
				TARGETED_DEVICE_FAMILY = "1,2";
			};
			name = Debug;
		};
		7A9BE6D72CA094E200F87AB4 /* Release */ = {
			isa = XCBuildConfiguration;
			buildSettings = {
				ALWAYS_EMBED_SWIFT_STANDARD_LIBRARIES = YES;
				ASSETCATALOG_COMPILER_APPICON_NAME = AppIcon;
				ASSETCATALOG_COMPILER_GLOBAL_ACCENT_COLOR_NAME = AccentColor;
				CODE_SIGN_STYLE = Automatic;
				CURRENT_PROJECT_VERSION = 1;
				DEVELOPMENT_TEAM = 6JSW4SJWN9;
				GENERATE_INFOPLIST_FILE = YES;
				INFOPLIST_FILE = "iOS (App)/Info.plist";
				INFOPLIST_KEY_CFBundleDisplayName = "Obsidian Web Clipper";
				INFOPLIST_KEY_UIApplicationSupportsIndirectInputEvents = YES;
				INFOPLIST_KEY_UILaunchStoryboardName = LaunchScreen;
				INFOPLIST_KEY_UIMainStoryboardFile = Main;
				INFOPLIST_KEY_UISupportedInterfaceOrientations = "UIInterfaceOrientationPortrait UIInterfaceOrientationLandscapeLeft UIInterfaceOrientationLandscapeRight";
				INFOPLIST_KEY_UISupportedInterfaceOrientations_iPad = "UIInterfaceOrientationPortrait UIInterfaceOrientationPortraitUpsideDown UIInterfaceOrientationLandscapeLeft UIInterfaceOrientationLandscapeRight";
				IPHONEOS_DEPLOYMENT_TARGET = 15.0;
				LD_RUNPATH_SEARCH_PATHS = (
					"$(inherited)",
					"@executable_path/Frameworks",
				);
				MARKETING_VERSION = 1.0;
				OTHER_LDFLAGS = (
					"-framework",
					SafariServices,
					"-framework",
					WebKit,
				);
				PRODUCT_BUNDLE_IDENTIFIER = "md.obsidian.Obsidian-Web-Clipper";
				PRODUCT_NAME = "Obsidian Web Clipper";
				SDKROOT = iphoneos;
				SWIFT_EMIT_LOC_STRINGS = YES;
				SWIFT_VERSION = 5.0;
				TARGETED_DEVICE_FAMILY = "1,2";
				VALIDATE_PRODUCT = YES;
			};
			name = Release;
		};
		7A9BE6D92CA094E200F87AB4 /* Debug */ = {
			isa = XCBuildConfiguration;
			buildSettings = {
				CODE_SIGN_ENTITLEMENTS = "macOS (Extension)/Obsidian Web Clipper.entitlements";
				CODE_SIGN_STYLE = Automatic;
				CURRENT_PROJECT_VERSION = 1;
				ENABLE_HARDENED_RUNTIME = YES;
				GENERATE_INFOPLIST_FILE = YES;
				INFOPLIST_FILE = "macOS (Extension)/Info.plist";
				INFOPLIST_KEY_CFBundleDisplayName = "Obsidian Web Clipper Extension";
				INFOPLIST_KEY_NSHumanReadableCopyright = "";
				LD_RUNPATH_SEARCH_PATHS = (
					"$(inherited)",
					"@executable_path/../Frameworks",
					"@executable_path/../../../../Frameworks",
				);
				MACOSX_DEPLOYMENT_TARGET = 10.14;
				MARKETING_VERSION = 1.0;
				OTHER_LDFLAGS = (
					"-framework",
					SafariServices,
				);
				PRODUCT_BUNDLE_IDENTIFIER = "md.obsidian.Obsidian-Web-Clipper.Extension";
				PRODUCT_NAME = "Obsidian Web Clipper Extension";
				SDKROOT = macosx;
				SKIP_INSTALL = YES;
				SWIFT_EMIT_LOC_STRINGS = YES;
				SWIFT_VERSION = 5.0;
			};
			name = Debug;
		};
		7A9BE6DA2CA094E200F87AB4 /* Release */ = {
			isa = XCBuildConfiguration;
			buildSettings = {
				CODE_SIGN_ENTITLEMENTS = "macOS (Extension)/Obsidian Web Clipper.entitlements";
				CODE_SIGN_STYLE = Automatic;
				CURRENT_PROJECT_VERSION = 1;
				ENABLE_HARDENED_RUNTIME = YES;
				GENERATE_INFOPLIST_FILE = YES;
				INFOPLIST_FILE = "macOS (Extension)/Info.plist";
				INFOPLIST_KEY_CFBundleDisplayName = "Obsidian Web Clipper Extension";
				INFOPLIST_KEY_NSHumanReadableCopyright = "";
				LD_RUNPATH_SEARCH_PATHS = (
					"$(inherited)",
					"@executable_path/../Frameworks",
					"@executable_path/../../../../Frameworks",
				);
				MACOSX_DEPLOYMENT_TARGET = 10.14;
				MARKETING_VERSION = 1.0;
				OTHER_LDFLAGS = (
					"-framework",
					SafariServices,
				);
				PRODUCT_BUNDLE_IDENTIFIER = "md.obsidian.Obsidian-Web-Clipper.Extension";
				PRODUCT_NAME = "Obsidian Web Clipper Extension";
				SDKROOT = macosx;
				SKIP_INSTALL = YES;
				SWIFT_EMIT_LOC_STRINGS = YES;
				SWIFT_VERSION = 5.0;
			};
			name = Release;
		};
		7A9BE6DD2CA094E200F87AB4 /* Debug */ = {
			isa = XCBuildConfiguration;
			buildSettings = {
				ALWAYS_EMBED_SWIFT_STANDARD_LIBRARIES = YES;
				ASSETCATALOG_COMPILER_APPICON_NAME = AppIcon;
				ASSETCATALOG_COMPILER_GLOBAL_ACCENT_COLOR_NAME = AccentColor;
				CODE_SIGN_ENTITLEMENTS = "macOS (App)/Obsidian Web Clipper.entitlements";
				CODE_SIGN_STYLE = Automatic;
				CURRENT_PROJECT_VERSION = 1;
				ENABLE_HARDENED_RUNTIME = YES;
				GENERATE_INFOPLIST_FILE = YES;
				INFOPLIST_FILE = "macOS (App)/Info.plist";
				INFOPLIST_KEY_CFBundleDisplayName = "Obsidian Web Clipper";
				INFOPLIST_KEY_NSMainStoryboardFile = Main;
				INFOPLIST_KEY_NSPrincipalClass = NSApplication;
				LD_RUNPATH_SEARCH_PATHS = (
					"$(inherited)",
					"@executable_path/../Frameworks",
				);
				MACOSX_DEPLOYMENT_TARGET = 10.14;
				MARKETING_VERSION = 1.0;
				OTHER_LDFLAGS = (
					"-framework",
					SafariServices,
					"-framework",
					WebKit,
				);
				PRODUCT_BUNDLE_IDENTIFIER = "md.obsidian.Obsidian-Web-Clipper";
				PRODUCT_NAME = "Obsidian Web Clipper";
				SDKROOT = macosx;
				SWIFT_EMIT_LOC_STRINGS = YES;
				SWIFT_VERSION = 5.0;
			};
			name = Debug;
		};
		7A9BE6DE2CA094E200F87AB4 /* Release */ = {
			isa = XCBuildConfiguration;
			buildSettings = {
				ALWAYS_EMBED_SWIFT_STANDARD_LIBRARIES = YES;
				ASSETCATALOG_COMPILER_APPICON_NAME = AppIcon;
				ASSETCATALOG_COMPILER_GLOBAL_ACCENT_COLOR_NAME = AccentColor;
				CODE_SIGN_ENTITLEMENTS = "macOS (App)/Obsidian Web Clipper.entitlements";
				CODE_SIGN_STYLE = Automatic;
				CURRENT_PROJECT_VERSION = 1;
				ENABLE_HARDENED_RUNTIME = YES;
				GENERATE_INFOPLIST_FILE = YES;
				INFOPLIST_FILE = "macOS (App)/Info.plist";
				INFOPLIST_KEY_CFBundleDisplayName = "Obsidian Web Clipper";
				INFOPLIST_KEY_NSMainStoryboardFile = Main;
				INFOPLIST_KEY_NSPrincipalClass = NSApplication;
				LD_RUNPATH_SEARCH_PATHS = (
					"$(inherited)",
					"@executable_path/../Frameworks",
				);
				MACOSX_DEPLOYMENT_TARGET = 10.14;
				MARKETING_VERSION = 1.0;
				OTHER_LDFLAGS = (
					"-framework",
					SafariServices,
					"-framework",
					WebKit,
				);
				PRODUCT_BUNDLE_IDENTIFIER = "md.obsidian.Obsidian-Web-Clipper";
				PRODUCT_NAME = "Obsidian Web Clipper";
				SDKROOT = macosx;
				SWIFT_EMIT_LOC_STRINGS = YES;
				SWIFT_VERSION = 5.0;
			};
			name = Release;
		};
/* End XCBuildConfiguration section */

/* Begin XCConfigurationList section */
		7A9BE6812CA094E100F87AB4 /* Build configuration list for PBXProject "Obsidian Web Clipper" */ = {
			isa = XCConfigurationList;
			buildConfigurations = (
				7A9BE6CF2CA094E200F87AB4 /* Debug */,
				7A9BE6D02CA094E200F87AB4 /* Release */,
			);
			defaultConfigurationIsVisible = 0;
			defaultConfigurationName = Release;
		};
		7A9BE6D12CA094E200F87AB4 /* Build configuration list for PBXNativeTarget "Obsidian Web Clipper Extension (iOS)" */ = {
			isa = XCConfigurationList;
			buildConfigurations = (
				7A9BE6D22CA094E200F87AB4 /* Debug */,
				7A9BE6D32CA094E200F87AB4 /* Release */,
			);
			defaultConfigurationIsVisible = 0;
			defaultConfigurationName = Release;
		};
		7A9BE6D52CA094E200F87AB4 /* Build configuration list for PBXNativeTarget "Obsidian Web Clipper (iOS)" */ = {
			isa = XCConfigurationList;
			buildConfigurations = (
				7A9BE6D62CA094E200F87AB4 /* Debug */,
				7A9BE6D72CA094E200F87AB4 /* Release */,
			);
			defaultConfigurationIsVisible = 0;
			defaultConfigurationName = Release;
		};
		7A9BE6D82CA094E200F87AB4 /* Build configuration list for PBXNativeTarget "Obsidian Web Clipper Extension (macOS)" */ = {
			isa = XCConfigurationList;
			buildConfigurations = (
				7A9BE6D92CA094E200F87AB4 /* Debug */,
				7A9BE6DA2CA094E200F87AB4 /* Release */,
			);
			defaultConfigurationIsVisible = 0;
			defaultConfigurationName = Release;
		};
		7A9BE6DC2CA094E200F87AB4 /* Build configuration list for PBXNativeTarget "Obsidian Web Clipper (macOS)" */ = {
			isa = XCConfigurationList;
			buildConfigurations = (
				7A9BE6DD2CA094E200F87AB4 /* Debug */,
				7A9BE6DE2CA094E200F87AB4 /* Release */,
			);
			defaultConfigurationIsVisible = 0;
			defaultConfigurationName = Release;
		};
/* End XCConfigurationList section */
	};
	rootObject = 7A9BE67E2CA094E100F87AB4 /* Project object */;
}
